// !$*UTF8*$!
{
	archiveVersion = 1;
	classes = {
	};
	objectVersion = 50;
	objects = {

/* Begin PBXBuildFile section */
		294B1835221FFF3B00C9C3E6 /* PMExtensions.h in Headers */ = {isa = PBXBuildFile; fileRef = 294B1833221FFF3B00C9C3E6 /* PMExtensions.h */; settings = {ATTRIBUTES = (Public, ); }; };
		294B183C221FFF9400C9C3E6 /* DateExtensions.swift in Sources */ = {isa = PBXBuildFile; fileRef = 294B183B221FFF9400C9C3E6 /* DateExtensions.swift */; };
		294B183E2220012F00C9C3E6 /* UIApplicationExtensions.swift in Sources */ = {isa = PBXBuildFile; fileRef = 294B183D2220012F00C9C3E6 /* UIApplicationExtensions.swift */; };
		294B1840222001AC00C9C3E6 /* UserDefaultsExtensions.swift in Sources */ = {isa = PBXBuildFile; fileRef = 294B183F222001AC00C9C3E6 /* UserDefaultsExtensions.swift */; };
		294B18422220032B00C9C3E6 /* BundleExtensions.swift in Sources */ = {isa = PBXBuildFile; fileRef = 294B18412220032B00C9C3E6 /* BundleExtensions.swift */; };
		294B1844222003D100C9C3E6 /* UITableViewExtensions.swift in Sources */ = {isa = PBXBuildFile; fileRef = 294B1843222003D100C9C3E6 /* UITableViewExtensions.swift */; };
		294B18462220044D00C9C3E6 /* UITableViewCellExtensions.swift in Sources */ = {isa = PBXBuildFile; fileRef = 294B18452220044D00C9C3E6 /* UITableViewCellExtensions.swift */; };
		294B1848222004C800C9C3E6 /* UICollectionViewExtensions.swift in Sources */ = {isa = PBXBuildFile; fileRef = 294B1847222004C800C9C3E6 /* UICollectionViewExtensions.swift */; };
		294B184A222004CF00C9C3E6 /* UICollectionViewCellExtensions.swift in Sources */ = {isa = PBXBuildFile; fileRef = 294B1849222004CF00C9C3E6 /* UICollectionViewCellExtensions.swift */; };
		294B184C2220054300C9C3E6 /* CellIdentifiable.swift in Sources */ = {isa = PBXBuildFile; fileRef = 294B184B2220054300C9C3E6 /* CellIdentifiable.swift */; };
		294B184E222005CC00C9C3E6 /* UIControlExtensions.swift in Sources */ = {isa = PBXBuildFile; fileRef = 294B184D222005CC00C9C3E6 /* UIControlExtensions.swift */; };
		294B18502220060200C9C3E6 /* BoundsExtensions.swift in Sources */ = {isa = PBXBuildFile; fileRef = 294B184F2220060200C9C3E6 /* BoundsExtensions.swift */; };
		294B18522220064200C9C3E6 /* ValueTypesExtensions.swift in Sources */ = {isa = PBXBuildFile; fileRef = 294B18512220064200C9C3E6 /* ValueTypesExtensions.swift */; };
		294B18542220067600C9C3E6 /* CollectionExtensions.swift in Sources */ = {isa = PBXBuildFile; fileRef = 294B18532220067600C9C3E6 /* CollectionExtensions.swift */; };
		294B18562220071000C9C3E6 /* SequenceExtensions.swift in Sources */ = {isa = PBXBuildFile; fileRef = 294B18552220071000C9C3E6 /* SequenceExtensions.swift */; };
		294B18582220074E00C9C3E6 /* Functions.swift in Sources */ = {isa = PBXBuildFile; fileRef = 294B18572220074E00C9C3E6 /* Functions.swift */; };
		294B185A2220076300C9C3E6 /* StringExtensions.swift in Sources */ = {isa = PBXBuildFile; fileRef = 294B18592220076300C9C3E6 /* StringExtensions.swift */; };
		294B185C222008FC00C9C3E6 /* UIDeviceExtensions.swift in Sources */ = {isa = PBXBuildFile; fileRef = 294B185B222008FC00C9C3E6 /* UIDeviceExtensions.swift */; };
		294B185E2220093900C9C3E6 /* UIFontExtensions.swift in Sources */ = {isa = PBXBuildFile; fileRef = 294B185D2220093900C9C3E6 /* UIFontExtensions.swift */; };
		294B186022200A1B00C9C3E6 /* UIImageViewExtensions.swift in Sources */ = {isa = PBXBuildFile; fileRef = 294B185F22200A1B00C9C3E6 /* UIImageViewExtensions.swift */; };
		294B186222200B1500C9C3E6 /* UIImageExtensions.swift in Sources */ = {isa = PBXBuildFile; fileRef = 294B186122200B1500C9C3E6 /* UIImageExtensions.swift */; };
		294B186422200BF000C9C3E6 /* UILabelExtensions.swift in Sources */ = {isa = PBXBuildFile; fileRef = 294B186322200BF000C9C3E6 /* UILabelExtensions.swift */; };
		294B186622200C4000C9C3E6 /* UINavigationBarExtensions.swift in Sources */ = {isa = PBXBuildFile; fileRef = 294B186522200C4000C9C3E6 /* UINavigationBarExtensions.swift */; };
		294B186822200C6E00C9C3E6 /* UIScreenExtensions.swift in Sources */ = {isa = PBXBuildFile; fileRef = 294B186722200C6E00C9C3E6 /* UIScreenExtensions.swift */; };
		294B186A22200CFB00C9C3E6 /* UIScrollViewExtensions.swift in Sources */ = {isa = PBXBuildFile; fileRef = 294B186922200CFB00C9C3E6 /* UIScrollViewExtensions.swift */; };
		294B186C22200D4600C9C3E6 /* UIStackViewExtensions.swift in Sources */ = {isa = PBXBuildFile; fileRef = 294B186B22200D4600C9C3E6 /* UIStackViewExtensions.swift */; };
		294B186E22200D9600C9C3E6 /* UIViewControllerExtensions.swift in Sources */ = {isa = PBXBuildFile; fileRef = 294B186D22200D9600C9C3E6 /* UIViewControllerExtensions.swift */; };
		294B187022200E7700C9C3E6 /* UINavigationControllerExtensions.swift in Sources */ = {isa = PBXBuildFile; fileRef = 294B186F22200E7700C9C3E6 /* UINavigationControllerExtensions.swift */; };
		294B187422200FED00C9C3E6 /* WKWebViewExtensions.swift in Sources */ = {isa = PBXBuildFile; fileRef = 294B187322200FED00C9C3E6 /* WKWebViewExtensions.swift */; };
		294B18762220107300C9C3E6 /* UIViewExtensions.swift in Sources */ = {isa = PBXBuildFile; fileRef = 294B18752220107300C9C3E6 /* UIViewExtensions.swift */; };
		294B1878222011B400C9C3E6 /* UIButtonExtensions.swift in Sources */ = {isa = PBXBuildFile; fileRef = 294B1877222011B400C9C3E6 /* UIButtonExtensions.swift */; };
		294B187A2220128C00C9C3E6 /* UIColorExtensions.swift in Sources */ = {isa = PBXBuildFile; fileRef = 294B18792220128C00C9C3E6 /* UIColorExtensions.swift */; };
/* End PBXBuildFile section */

/* Begin PBXFileReference section */
		294B1830221FFF3B00C9C3E6 /* PMExtensions.framework */ = {isa = PBXFileReference; explicitFileType = wrapper.framework; includeInIndex = 0; path = PMExtensions.framework; sourceTree = BUILT_PRODUCTS_DIR; };
		294B1833221FFF3B00C9C3E6 /* PMExtensions.h */ = {isa = PBXFileReference; lastKnownFileType = sourcecode.c.h; path = PMExtensions.h; sourceTree = "<group>"; };
		294B1834221FFF3B00C9C3E6 /* Info.plist */ = {isa = PBXFileReference; lastKnownFileType = text.plist.xml; path = Info.plist; sourceTree = "<group>"; };
		294B183B221FFF9400C9C3E6 /* DateExtensions.swift */ = {isa = PBXFileReference; fileEncoding = 4; lastKnownFileType = sourcecode.swift; path = DateExtensions.swift; sourceTree = "<group>"; };
		294B183D2220012F00C9C3E6 /* UIApplicationExtensions.swift */ = {isa = PBXFileReference; lastKnownFileType = sourcecode.swift; path = UIApplicationExtensions.swift; sourceTree = "<group>"; };
		294B183F222001AC00C9C3E6 /* UserDefaultsExtensions.swift */ = {isa = PBXFileReference; lastKnownFileType = sourcecode.swift; path = UserDefaultsExtensions.swift; sourceTree = "<group>"; };
		294B18412220032B00C9C3E6 /* BundleExtensions.swift */ = {isa = PBXFileReference; lastKnownFileType = sourcecode.swift; path = BundleExtensions.swift; sourceTree = "<group>"; };
		294B1843222003D100C9C3E6 /* UITableViewExtensions.swift */ = {isa = PBXFileReference; lastKnownFileType = sourcecode.swift; path = UITableViewExtensions.swift; sourceTree = "<group>"; };
		294B18452220044D00C9C3E6 /* UITableViewCellExtensions.swift */ = {isa = PBXFileReference; lastKnownFileType = sourcecode.swift; path = UITableViewCellExtensions.swift; sourceTree = "<group>"; };
		294B1847222004C800C9C3E6 /* UICollectionViewExtensions.swift */ = {isa = PBXFileReference; lastKnownFileType = sourcecode.swift; path = UICollectionViewExtensions.swift; sourceTree = "<group>"; };
		294B1849222004CF00C9C3E6 /* UICollectionViewCellExtensions.swift */ = {isa = PBXFileReference; lastKnownFileType = sourcecode.swift; path = UICollectionViewCellExtensions.swift; sourceTree = "<group>"; };
		294B184B2220054300C9C3E6 /* CellIdentifiable.swift */ = {isa = PBXFileReference; lastKnownFileType = sourcecode.swift; path = CellIdentifiable.swift; sourceTree = "<group>"; };
		294B184D222005CC00C9C3E6 /* UIControlExtensions.swift */ = {isa = PBXFileReference; lastKnownFileType = sourcecode.swift; path = UIControlExtensions.swift; sourceTree = "<group>"; };
		294B184F2220060200C9C3E6 /* BoundsExtensions.swift */ = {isa = PBXFileReference; lastKnownFileType = sourcecode.swift; path = BoundsExtensions.swift; sourceTree = "<group>"; };
		294B18512220064200C9C3E6 /* ValueTypesExtensions.swift */ = {isa = PBXFileReference; lastKnownFileType = sourcecode.swift; path = ValueTypesExtensions.swift; sourceTree = "<group>"; };
		294B18532220067600C9C3E6 /* CollectionExtensions.swift */ = {isa = PBXFileReference; lastKnownFileType = sourcecode.swift; path = CollectionExtensions.swift; sourceTree = "<group>"; };
		294B18552220071000C9C3E6 /* SequenceExtensions.swift */ = {isa = PBXFileReference; lastKnownFileType = sourcecode.swift; path = SequenceExtensions.swift; sourceTree = "<group>"; };
		294B18572220074E00C9C3E6 /* Functions.swift */ = {isa = PBXFileReference; lastKnownFileType = sourcecode.swift; path = Functions.swift; sourceTree = "<group>"; };
		294B18592220076300C9C3E6 /* StringExtensions.swift */ = {isa = PBXFileReference; lastKnownFileType = sourcecode.swift; path = StringExtensions.swift; sourceTree = "<group>"; };
		294B185B222008FC00C9C3E6 /* UIDeviceExtensions.swift */ = {isa = PBXFileReference; lastKnownFileType = sourcecode.swift; path = UIDeviceExtensions.swift; sourceTree = "<group>"; };
		294B185D2220093900C9C3E6 /* UIFontExtensions.swift */ = {isa = PBXFileReference; lastKnownFileType = sourcecode.swift; path = UIFontExtensions.swift; sourceTree = "<group>"; };
		294B185F22200A1B00C9C3E6 /* UIImageViewExtensions.swift */ = {isa = PBXFileReference; lastKnownFileType = sourcecode.swift; path = UIImageViewExtensions.swift; sourceTree = "<group>"; };
		294B186122200B1500C9C3E6 /* UIImageExtensions.swift */ = {isa = PBXFileReference; lastKnownFileType = sourcecode.swift; path = UIImageExtensions.swift; sourceTree = "<group>"; };
		294B186322200BF000C9C3E6 /* UILabelExtensions.swift */ = {isa = PBXFileReference; lastKnownFileType = sourcecode.swift; path = UILabelExtensions.swift; sourceTree = "<group>"; };
		294B186522200C4000C9C3E6 /* UINavigationBarExtensions.swift */ = {isa = PBXFileReference; lastKnownFileType = sourcecode.swift; path = UINavigationBarExtensions.swift; sourceTree = "<group>"; };
		294B186722200C6E00C9C3E6 /* UIScreenExtensions.swift */ = {isa = PBXFileReference; lastKnownFileType = sourcecode.swift; path = UIScreenExtensions.swift; sourceTree = "<group>"; };
		294B186922200CFB00C9C3E6 /* UIScrollViewExtensions.swift */ = {isa = PBXFileReference; lastKnownFileType = sourcecode.swift; path = UIScrollViewExtensions.swift; sourceTree = "<group>"; };
		294B186B22200D4600C9C3E6 /* UIStackViewExtensions.swift */ = {isa = PBXFileReference; lastKnownFileType = sourcecode.swift; path = UIStackViewExtensions.swift; sourceTree = "<group>"; };
		294B186D22200D9600C9C3E6 /* UIViewControllerExtensions.swift */ = {isa = PBXFileReference; lastKnownFileType = sourcecode.swift; path = UIViewControllerExtensions.swift; sourceTree = "<group>"; };
		294B186F22200E7700C9C3E6 /* UINavigationControllerExtensions.swift */ = {isa = PBXFileReference; lastKnownFileType = sourcecode.swift; path = UINavigationControllerExtensions.swift; sourceTree = "<group>"; };
		294B187322200FED00C9C3E6 /* WKWebViewExtensions.swift */ = {isa = PBXFileReference; lastKnownFileType = sourcecode.swift; path = WKWebViewExtensions.swift; sourceTree = "<group>"; };
		294B18752220107300C9C3E6 /* UIViewExtensions.swift */ = {isa = PBXFileReference; lastKnownFileType = sourcecode.swift; path = UIViewExtensions.swift; sourceTree = "<group>"; };
		294B1877222011B400C9C3E6 /* UIButtonExtensions.swift */ = {isa = PBXFileReference; lastKnownFileType = sourcecode.swift; path = UIButtonExtensions.swift; sourceTree = "<group>"; };
		294B18792220128C00C9C3E6 /* UIColorExtensions.swift */ = {isa = PBXFileReference; lastKnownFileType = sourcecode.swift; path = UIColorExtensions.swift; sourceTree = "<group>"; };
/* End PBXFileReference section */

/* Begin PBXFrameworksBuildPhase section */
		294B182D221FFF3B00C9C3E6 /* Frameworks */ = {
			isa = PBXFrameworksBuildPhase;
			buildActionMask = 2147483647;
			files = (
			);
			runOnlyForDeploymentPostprocessing = 0;
		};
/* End PBXFrameworksBuildPhase section */

/* Begin PBXGroup section */
		294B1826221FFF3B00C9C3E6 = {
			isa = PBXGroup;
			children = (
				294B1832221FFF3B00C9C3E6 /* PMExtensions */,
				294B1831221FFF3B00C9C3E6 /* Products */,
			);
			sourceTree = "<group>";
		};
		294B1831221FFF3B00C9C3E6 /* Products */ = {
			isa = PBXGroup;
			children = (
				294B1830221FFF3B00C9C3E6 /* PMExtensions.framework */,
			);
			name = Products;
			sourceTree = "<group>";
		};
		294B1832221FFF3B00C9C3E6 /* PMExtensions */ = {
			isa = PBXGroup;
			children = (
				294B187222200FA200C9C3E6 /* Supporting Files */,
				294B187122200F9C00C9C3E6 /* Extensions */,
			);
			path = PMExtensions;
			sourceTree = "<group>";
		};
		294B187122200F9C00C9C3E6 /* Extensions */ = {
			isa = PBXGroup;
			children = (
				294B183B221FFF9400C9C3E6 /* DateExtensions.swift */,
				294B183D2220012F00C9C3E6 /* UIApplicationExtensions.swift */,
				294B183F222001AC00C9C3E6 /* UserDefaultsExtensions.swift */,
				294B18412220032B00C9C3E6 /* BundleExtensions.swift */,
				294B1843222003D100C9C3E6 /* UITableViewExtensions.swift */,
				294B18452220044D00C9C3E6 /* UITableViewCellExtensions.swift */,
				294B1847222004C800C9C3E6 /* UICollectionViewExtensions.swift */,
				294B1849222004CF00C9C3E6 /* UICollectionViewCellExtensions.swift */,
				294B184B2220054300C9C3E6 /* CellIdentifiable.swift */,
				294B184D222005CC00C9C3E6 /* UIControlExtensions.swift */,
				294B184F2220060200C9C3E6 /* BoundsExtensions.swift */,
				294B18512220064200C9C3E6 /* ValueTypesExtensions.swift */,
				294B18532220067600C9C3E6 /* CollectionExtensions.swift */,
				294B18552220071000C9C3E6 /* SequenceExtensions.swift */,
				294B18572220074E00C9C3E6 /* Functions.swift */,
				294B18592220076300C9C3E6 /* StringExtensions.swift */,
				294B185B222008FC00C9C3E6 /* UIDeviceExtensions.swift */,
				294B185D2220093900C9C3E6 /* UIFontExtensions.swift */,
				294B185F22200A1B00C9C3E6 /* UIImageViewExtensions.swift */,
				294B186122200B1500C9C3E6 /* UIImageExtensions.swift */,
				294B186322200BF000C9C3E6 /* UILabelExtensions.swift */,
				294B186522200C4000C9C3E6 /* UINavigationBarExtensions.swift */,
				294B186722200C6E00C9C3E6 /* UIScreenExtensions.swift */,
				294B186922200CFB00C9C3E6 /* UIScrollViewExtensions.swift */,
				294B186B22200D4600C9C3E6 /* UIStackViewExtensions.swift */,
				294B186D22200D9600C9C3E6 /* UIViewControllerExtensions.swift */,
				294B186F22200E7700C9C3E6 /* UINavigationControllerExtensions.swift */,
				294B187322200FED00C9C3E6 /* WKWebViewExtensions.swift */,
				294B18752220107300C9C3E6 /* UIViewExtensions.swift */,
				294B1877222011B400C9C3E6 /* UIButtonExtensions.swift */,
				294B18792220128C00C9C3E6 /* UIColorExtensions.swift */,
			);
			path = Extensions;
			sourceTree = "<group>";
		};
		294B187222200FA200C9C3E6 /* Supporting Files */ = {
			isa = PBXGroup;
			children = (
				294B1833221FFF3B00C9C3E6 /* PMExtensions.h */,
				294B1834221FFF3B00C9C3E6 /* Info.plist */,
			);
			path = "Supporting Files";
			sourceTree = "<group>";
		};
/* End PBXGroup section */

/* Begin PBXHeadersBuildPhase section */
		294B182B221FFF3B00C9C3E6 /* Headers */ = {
			isa = PBXHeadersBuildPhase;
			buildActionMask = 2147483647;
			files = (
				294B1835221FFF3B00C9C3E6 /* PMExtensions.h in Headers */,
			);
			runOnlyForDeploymentPostprocessing = 0;
		};
/* End PBXHeadersBuildPhase section */

/* Begin PBXNativeTarget section */
		294B182F221FFF3B00C9C3E6 /* PMExtensions */ = {
			isa = PBXNativeTarget;
			buildConfigurationList = 294B1838221FFF3B00C9C3E6 /* Build configuration list for PBXNativeTarget "PMExtensions" */;
			buildPhases = (
				294B182B221FFF3B00C9C3E6 /* Headers */,
				294B182C221FFF3B00C9C3E6 /* Sources */,
				294B182D221FFF3B00C9C3E6 /* Frameworks */,
				294B182E221FFF3B00C9C3E6 /* Resources */,
			);
			buildRules = (
			);
			dependencies = (
			);
			name = PMExtensions;
			productName = PMExtensions;
			productReference = 294B1830221FFF3B00C9C3E6 /* PMExtensions.framework */;
			productType = "com.apple.product-type.framework";
		};
/* End PBXNativeTarget section */

/* Begin PBXProject section */
		294B1827221FFF3B00C9C3E6 /* Project object */ = {
			isa = PBXProject;
			attributes = {
				LastUpgradeCheck = 1010;
				ORGANIZATIONNAME = "Phillip Maizza";
				TargetAttributes = {
					294B182F221FFF3B00C9C3E6 = {
						CreatedOnToolsVersion = 10.1;
						LastSwiftMigration = 1010;
					};
				};
			};
			buildConfigurationList = 294B182A221FFF3B00C9C3E6 /* Build configuration list for PBXProject "PMExtensions" */;
			compatibilityVersion = "Xcode 9.3";
			developmentRegion = en;
			hasScannedForEncodings = 0;
			knownRegions = (
				en,
			);
			mainGroup = 294B1826221FFF3B00C9C3E6;
			productRefGroup = 294B1831221FFF3B00C9C3E6 /* Products */;
			projectDirPath = "";
			projectRoot = "";
			targets = (
				294B182F221FFF3B00C9C3E6 /* PMExtensions */,
			);
		};
/* End PBXProject section */

/* Begin PBXResourcesBuildPhase section */
		294B182E221FFF3B00C9C3E6 /* Resources */ = {
			isa = PBXResourcesBuildPhase;
			buildActionMask = 2147483647;
			files = (
			);
			runOnlyForDeploymentPostprocessing = 0;
		};
/* End PBXResourcesBuildPhase section */

/* Begin PBXSourcesBuildPhase section */
		294B182C221FFF3B00C9C3E6 /* Sources */ = {
			isa = PBXSourcesBuildPhase;
			buildActionMask = 2147483647;
			files = (
				294B186C22200D4600C9C3E6 /* UIStackViewExtensions.swift in Sources */,
				294B186022200A1B00C9C3E6 /* UIImageViewExtensions.swift in Sources */,
				294B18542220067600C9C3E6 /* CollectionExtensions.swift in Sources */,
				294B187A2220128C00C9C3E6 /* UIColorExtensions.swift in Sources */,
				294B1844222003D100C9C3E6 /* UITableViewExtensions.swift in Sources */,
				294B187022200E7700C9C3E6 /* UINavigationControllerExtensions.swift in Sources */,
				294B18562220071000C9C3E6 /* SequenceExtensions.swift in Sources */,
				294B184E222005CC00C9C3E6 /* UIControlExtensions.swift in Sources */,
				294B184C2220054300C9C3E6 /* CellIdentifiable.swift in Sources */,
				294B183E2220012F00C9C3E6 /* UIApplicationExtensions.swift in Sources */,
				294B186222200B1500C9C3E6 /* UIImageExtensions.swift in Sources */,
				294B18502220060200C9C3E6 /* BoundsExtensions.swift in Sources */,
				294B1878222011B400C9C3E6 /* UIButtonExtensions.swift in Sources */,
				294B186622200C4000C9C3E6 /* UINavigationBarExtensions.swift in Sources */,
				294B183C221FFF9400C9C3E6 /* DateExtensions.swift in Sources */,
				294B185E2220093900C9C3E6 /* UIFontExtensions.swift in Sources */,
				294B186422200BF000C9C3E6 /* UILabelExtensions.swift in Sources */,
				294B185A2220076300C9C3E6 /* StringExtensions.swift in Sources */,
				294B18582220074E00C9C3E6 /* Functions.swift in Sources */,
				294B186E22200D9600C9C3E6 /* UIViewControllerExtensions.swift in Sources */,
				294B1848222004C800C9C3E6 /* UICollectionViewExtensions.swift in Sources */,
				294B187422200FED00C9C3E6 /* WKWebViewExtensions.swift in Sources */,
				294B18522220064200C9C3E6 /* ValueTypesExtensions.swift in Sources */,
				294B184A222004CF00C9C3E6 /* UICollectionViewCellExtensions.swift in Sources */,
				294B18762220107300C9C3E6 /* UIViewExtensions.swift in Sources */,
				294B186822200C6E00C9C3E6 /* UIScreenExtensions.swift in Sources */,
				294B185C222008FC00C9C3E6 /* UIDeviceExtensions.swift in Sources */,
				294B1840222001AC00C9C3E6 /* UserDefaultsExtensions.swift in Sources */,
				294B18422220032B00C9C3E6 /* BundleExtensions.swift in Sources */,
				294B18462220044D00C9C3E6 /* UITableViewCellExtensions.swift in Sources */,
				294B186A22200CFB00C9C3E6 /* UIScrollViewExtensions.swift in Sources */,
			);
			runOnlyForDeploymentPostprocessing = 0;
		};
/* End PBXSourcesBuildPhase section */

/* Begin XCBuildConfiguration section */
		294B1836221FFF3B00C9C3E6 /* Debug */ = {
			isa = XCBuildConfiguration;
			buildSettings = {
				ALWAYS_SEARCH_USER_PATHS = NO;
				CLANG_ANALYZER_NONNULL = YES;
				CLANG_ANALYZER_NUMBER_OBJECT_CONVERSION = YES_AGGRESSIVE;
				CLANG_CXX_LANGUAGE_STANDARD = "gnu++14";
				CLANG_CXX_LIBRARY = "libc++";
				CLANG_ENABLE_MODULES = YES;
				CLANG_ENABLE_OBJC_ARC = YES;
				CLANG_ENABLE_OBJC_WEAK = YES;
				CLANG_WARN_BLOCK_CAPTURE_AUTORELEASING = YES;
				CLANG_WARN_BOOL_CONVERSION = YES;
				CLANG_WARN_COMMA = YES;
				CLANG_WARN_CONSTANT_CONVERSION = YES;
				CLANG_WARN_DEPRECATED_OBJC_IMPLEMENTATIONS = YES;
				CLANG_WARN_DIRECT_OBJC_ISA_USAGE = YES_ERROR;
				CLANG_WARN_DOCUMENTATION_COMMENTS = YES;
				CLANG_WARN_EMPTY_BODY = YES;
				CLANG_WARN_ENUM_CONVERSION = YES;
				CLANG_WARN_INFINITE_RECURSION = YES;
				CLANG_WARN_INT_CONVERSION = YES;
				CLANG_WARN_NON_LITERAL_NULL_CONVERSION = YES;
				CLANG_WARN_OBJC_IMPLICIT_RETAIN_SELF = YES;
				CLANG_WARN_OBJC_LITERAL_CONVERSION = YES;
				CLANG_WARN_OBJC_ROOT_CLASS = YES_ERROR;
				CLANG_WARN_RANGE_LOOP_ANALYSIS = YES;
				CLANG_WARN_STRICT_PROTOTYPES = YES;
				CLANG_WARN_SUSPICIOUS_MOVE = YES;
				CLANG_WARN_UNGUARDED_AVAILABILITY = YES_AGGRESSIVE;
				CLANG_WARN_UNREACHABLE_CODE = YES;
				CLANG_WARN__DUPLICATE_METHOD_MATCH = YES;
				CODE_SIGN_IDENTITY = "iPhone Developer";
				COPY_PHASE_STRIP = NO;
				CURRENT_PROJECT_VERSION = 1;
				DEBUG_INFORMATION_FORMAT = dwarf;
				ENABLE_STRICT_OBJC_MSGSEND = YES;
				ENABLE_TESTABILITY = YES;
				GCC_C_LANGUAGE_STANDARD = gnu11;
				GCC_DYNAMIC_NO_PIC = NO;
				GCC_NO_COMMON_BLOCKS = YES;
				GCC_OPTIMIZATION_LEVEL = 0;
				GCC_PREPROCESSOR_DEFINITIONS = (
					"DEBUG=1",
					"$(inherited)",
				);
				GCC_WARN_64_TO_32_BIT_CONVERSION = YES;
				GCC_WARN_ABOUT_RETURN_TYPE = YES_ERROR;
				GCC_WARN_UNDECLARED_SELECTOR = YES;
				GCC_WARN_UNINITIALIZED_AUTOS = YES_AGGRESSIVE;
				GCC_WARN_UNUSED_FUNCTION = YES;
				GCC_WARN_UNUSED_VARIABLE = YES;
				IPHONEOS_DEPLOYMENT_TARGET = 9.0;
				MTL_ENABLE_DEBUG_INFO = INCLUDE_SOURCE;
				MTL_FAST_MATH = YES;
				ONLY_ACTIVE_ARCH = YES;
				SDKROOT = iphoneos;
				SWIFT_ACTIVE_COMPILATION_CONDITIONS = DEBUG;
				SWIFT_OPTIMIZATION_LEVEL = "-Onone";
				VERSIONING_SYSTEM = "apple-generic";
				VERSION_INFO_PREFIX = "";
			};
			name = Debug;
		};
		294B1837221FFF3B00C9C3E6 /* Release */ = {
			isa = XCBuildConfiguration;
			buildSettings = {
				ALWAYS_SEARCH_USER_PATHS = NO;
				CLANG_ANALYZER_NONNULL = YES;
				CLANG_ANALYZER_NUMBER_OBJECT_CONVERSION = YES_AGGRESSIVE;
				CLANG_CXX_LANGUAGE_STANDARD = "gnu++14";
				CLANG_CXX_LIBRARY = "libc++";
				CLANG_ENABLE_MODULES = YES;
				CLANG_ENABLE_OBJC_ARC = YES;
				CLANG_ENABLE_OBJC_WEAK = YES;
				CLANG_WARN_BLOCK_CAPTURE_AUTORELEASING = YES;
				CLANG_WARN_BOOL_CONVERSION = YES;
				CLANG_WARN_COMMA = YES;
				CLANG_WARN_CONSTANT_CONVERSION = YES;
				CLANG_WARN_DEPRECATED_OBJC_IMPLEMENTATIONS = YES;
				CLANG_WARN_DIRECT_OBJC_ISA_USAGE = YES_ERROR;
				CLANG_WARN_DOCUMENTATION_COMMENTS = YES;
				CLANG_WARN_EMPTY_BODY = YES;
				CLANG_WARN_ENUM_CONVERSION = YES;
				CLANG_WARN_INFINITE_RECURSION = YES;
				CLANG_WARN_INT_CONVERSION = YES;
				CLANG_WARN_NON_LITERAL_NULL_CONVERSION = YES;
				CLANG_WARN_OBJC_IMPLICIT_RETAIN_SELF = YES;
				CLANG_WARN_OBJC_LITERAL_CONVERSION = YES;
				CLANG_WARN_OBJC_ROOT_CLASS = YES_ERROR;
				CLANG_WARN_RANGE_LOOP_ANALYSIS = YES;
				CLANG_WARN_STRICT_PROTOTYPES = YES;
				CLANG_WARN_SUSPICIOUS_MOVE = YES;
				CLANG_WARN_UNGUARDED_AVAILABILITY = YES_AGGRESSIVE;
				CLANG_WARN_UNREACHABLE_CODE = YES;
				CLANG_WARN__DUPLICATE_METHOD_MATCH = YES;
				CODE_SIGN_IDENTITY = "iPhone Developer";
				COPY_PHASE_STRIP = NO;
				CURRENT_PROJECT_VERSION = 1;
				DEBUG_INFORMATION_FORMAT = "dwarf-with-dsym";
				ENABLE_NS_ASSERTIONS = NO;
				ENABLE_STRICT_OBJC_MSGSEND = YES;
				GCC_C_LANGUAGE_STANDARD = gnu11;
				GCC_NO_COMMON_BLOCKS = YES;
				GCC_WARN_64_TO_32_BIT_CONVERSION = YES;
				GCC_WARN_ABOUT_RETURN_TYPE = YES_ERROR;
				GCC_WARN_UNDECLARED_SELECTOR = YES;
				GCC_WARN_UNINITIALIZED_AUTOS = YES_AGGRESSIVE;
				GCC_WARN_UNUSED_FUNCTION = YES;
				GCC_WARN_UNUSED_VARIABLE = YES;
				IPHONEOS_DEPLOYMENT_TARGET = 9.0;
				MTL_ENABLE_DEBUG_INFO = NO;
				MTL_FAST_MATH = YES;
				SDKROOT = iphoneos;
				SWIFT_COMPILATION_MODE = wholemodule;
				SWIFT_OPTIMIZATION_LEVEL = "-O";
				VALIDATE_PRODUCT = YES;
				VERSIONING_SYSTEM = "apple-generic";
				VERSION_INFO_PREFIX = "";
			};
			name = Release;
		};
		294B1839221FFF3B00C9C3E6 /* Debug */ = {
			isa = XCBuildConfiguration;
			buildSettings = {
				CLANG_ENABLE_MODULES = YES;
				CODE_SIGN_IDENTITY = "";
				CODE_SIGN_STYLE = Automatic;
				DEFINES_MODULE = YES;
				DEVELOPMENT_TEAM = 63VBS6UG72;
				DYLIB_COMPATIBILITY_VERSION = 1;
				DYLIB_CURRENT_VERSION = 1;
				DYLIB_INSTALL_NAME_BASE = "@rpath";
				INFOPLIST_FILE = "$(SRCROOT)/PMExtensions/Supporting Files/Info.plist";
				INSTALL_PATH = "$(LOCAL_LIBRARY_DIR)/Frameworks";
				IPHONEOS_DEPLOYMENT_TARGET = 9.0;
				LD_RUNPATH_SEARCH_PATHS = (
					"$(inherited)",
					"@executable_path/Frameworks",
					"@loader_path/Frameworks",
				);
				PRODUCT_BUNDLE_IDENTIFIER = com.phillipmaizza.PMExtensions;
				PRODUCT_NAME = "$(TARGET_NAME:c99extidentifier)";
				SKIP_INSTALL = YES;
				SWIFT_OPTIMIZATION_LEVEL = "-Onone";
				SWIFT_VERSION = 4.2;
				TARGETED_DEVICE_FAMILY = "1,2";
			};
			name = Debug;
		};
		294B183A221FFF3B00C9C3E6 /* Release */ = {
			isa = XCBuildConfiguration;
			buildSettings = {
				CLANG_ENABLE_MODULES = YES;
				CODE_SIGN_IDENTITY = "";
				CODE_SIGN_STYLE = Automatic;
				DEFINES_MODULE = YES;
				DEVELOPMENT_TEAM = 63VBS6UG72;
				DYLIB_COMPATIBILITY_VERSION = 1;
				DYLIB_CURRENT_VERSION = 1;
				DYLIB_INSTALL_NAME_BASE = "@rpath";
				INFOPLIST_FILE = "$(SRCROOT)/PMExtensions/Supporting Files/Info.plist";
				INSTALL_PATH = "$(LOCAL_LIBRARY_DIR)/Frameworks";
				IPHONEOS_DEPLOYMENT_TARGET = 9.0;
				LD_RUNPATH_SEARCH_PATHS = (
					"$(inherited)",
					"@executable_path/Frameworks",
					"@loader_path/Frameworks",
				);
				PRODUCT_BUNDLE_IDENTIFIER = com.phillipmaizza.PMExtensions;
				PRODUCT_NAME = "$(TARGET_NAME:c99extidentifier)";
				SKIP_INSTALL = YES;
				SWIFT_VERSION = 4.2;
				TARGETED_DEVICE_FAMILY = "1,2";
			};
			name = Release;
		};
/* End XCBuildConfiguration section */

/* Begin XCConfigurationList section */
		294B182A221FFF3B00C9C3E6 /* Build configuration list for PBXProject "PMExtensions" */ = {
			isa = XCConfigurationList;
			buildConfigurations = (
				294B1836221FFF3B00C9C3E6 /* Debug */,
				294B1837221FFF3B00C9C3E6 /* Release */,
			);
			defaultConfigurationIsVisible = 0;
			defaultConfigurationName = Release;
		};
		294B1838221FFF3B00C9C3E6 /* Build configuration list for PBXNativeTarget "PMExtensions" */ = {
			isa = XCConfigurationList;
			buildConfigurations = (
				294B1839221FFF3B00C9C3E6 /* Debug */,
				294B183A221FFF3B00C9C3E6 /* Release */,
			);
			defaultConfigurationIsVisible = 0;
			defaultConfigurationName = Release;
		};
/* End XCConfigurationList section */
	};
	rootObject = 294B1827221FFF3B00C9C3E6 /* Project object */;
}
